
Microsoft Visual Studio Solution File, Format Version 12.00
# Visual Studio Version 17
VisualStudioVersion = 17.0.31903.59
MinimumVisualStudioVersion = 10.0.40219.1
Project("{9A19103F-16F7-4668-BE54-9A1E7A4F7556}") = "ICM.Functions.Durable", "src\ICM.Functions.Durable\ICM.Functions.Durable.csproj", "{20CA2A41-227A-4AC2-9C0B-41C2A659A754}"
EndProject
Project("{9A19103F-16F7-4668-BE54-9A1E7A4F7556}") = "ICM.Functions.Infrastructure", "src\ICM.Functions.Infrastructure\ICM.Functions.Infrastructure.csproj", "{8D1545BF-18F2-445C-915A-ED6B5C6CC719}"
EndProject
Project("{9A19103F-16F7-4668-BE54-9A1E7A4F7556}") = "ICM.Functions.Application", "src\ICM.Functions.Application\ICM.Functions.Application.csproj", "{72EC4DB9-E33B-409B-AA5B-08B614C376B5}"
EndProject
Global
	GlobalSection(SolutionConfigurationPlatforms) = preSolution
		Debug|Any CPU = Debug|Any CPU
		Release|Any CPU = Release|Any CPU
	EndGlobalSection
	GlobalSection(ProjectConfigurationPlatforms) = postSolution
		{20CA2A41-227A-4AC2-9C0B-41C2A659A754}.Debug|Any CPU.ActiveCfg = Debug|Any CPU
		{20CA2A41-227A-4AC2-9C0B-41C2A659A754}.Debug|Any CPU.Build.0 = Debug|Any CPU
		{20CA2A41-227A-4AC2-9C0B-41C2A659A754}.Release|Any CPU.ActiveCfg = Release|Any CPU
		{20CA2A41-227A-4AC2-9C0B-41C2A659A754}.Release|Any CPU.Build.0 = Release|Any CPU
		{8D1545BF-18F2-445C-915A-ED6B5C6CC719}.Debug|Any CPU.ActiveCfg = Debug|Any CPU
		{8D1545BF-18F2-445C-915A-ED6B5C6CC719}.Debug|Any CPU.Build.0 = Debug|Any CPU
		{8D1545BF-18F2-445C-915A-ED6B5C6CC719}.Release|Any CPU.ActiveCfg = Release|Any CPU
		{8D1545BF-18F2-445C-915A-ED6B5C6CC719}.Release|Any CPU.Build.0 = Release|Any CPU
		{72EC4DB9-E33B-409B-AA5B-08B614C376B5}.Debug|Any CPU.ActiveCfg = Debug|Any CPU
		{72EC4DB9-E33B-409B-AA5B-08B614C376B5}.Debug|Any CPU.Build.0 = Debug|Any CPU
		{72EC4DB9-E33B-409B-AA5B-08B614C376B5}.Release|Any CPU.ActiveCfg = Release|Any CPU
		{72EC4DB9-E33B-409B-AA5B-08B614C376B5}.Release|Any CPU.Build.0 = Release|Any CPU
	EndGlobalSection
	GlobalSection(SolutionProperties) = preSolution
		HideSolutionNode = FALSE
	EndGlobalSection
	GlobalSection(ExtensibilityGlobals) = postSolution
		SolutionGuid = {6EE72D81-46ED-42D9-940A-91FB2CE5B491}
	EndGlobalSection
EndGlobal
